
Microsoft Visual Studio Solution File, Format Version 11.00
# Visual Studio 2010
Project("{FAE04EC0-301F-11D3-BF4B-00C04F79EFBC}") = "listentest", "listentest\listentest.csproj", "{142A9C74-5164-4411-8B32-E5656A9361CF}"
EndProject
Global
	GlobalSection(SolutionConfigurationPlatforms) = preSolution
		Debug|x86 = Debug|x86
		Release|x86 = Release|x86
	EndGlobalSection
	GlobalSection(ProjectConfigurationPlatforms) = postSolution
		{142A9C74-5164-4411-8B32-E5656A9361CF}.Debug|x86.ActiveCfg = Debug|x86
		{142A9C74-5164-4411-8B32-E5656A9361CF}.Debug|x86.Build.0 = Debug|x86
		{142A9C74-5164-4411-8B32-E5656A9361CF}.Release|x86.ActiveCfg = Release|x86
		{142A9C74-5164-4411-8B32-E5656A9361CF}.Release|x86.Build.0 = Release|x86
	EndGlobalSection
	GlobalSection(SolutionProperties) = preSolution
		HideSolutionNode = FALSE
	EndGlobalSection
EndGlobal
